
Microsoft Visual Studio Solution File, Format Version 12.00
# Visual Studio Version 17
VisualStudioVersion = 17.3.32825.248
MinimumVisualStudioVersion = 10.0.40219.1
Project("{9A19103F-16F7-4668-BE54-9A1E7A4F7556}") = "Vibrio", "Vibrio\Vibrio.csproj", "{CBA80C35-7F47-4558-9279-2EDC28FA5F80}"
EndProject
Project("{9A19103F-16F7-4668-BE54-9A1E7A4F7556}") = "Vibrio.Tests", "Vibrio.Tests\Vibrio.Tests.csproj", "{2B0D7B5C-8C72-485E-AAEA-922156CD9722}"
EndProject
Global
	GlobalSection(SolutionConfigurationPlatforms) = preSolution
		Debug|Any CPU = Debug|Any CPU
		Release|Any CPU = Release|Any CPU
	EndGlobalSection
	GlobalSection(ProjectConfigurationPlatforms) = postSolution
		{CBA80C35-7F47-4558-9279-2EDC28FA5F80}.Debug|Any CPU.ActiveCfg = Debug|Any CPU
		{CBA80C35-7F47-4558-9279-2EDC28FA5F80}.Debug|Any CPU.Build.0 = Debug|Any CPU
		{CBA80C35-7F47-4558-9279-2EDC28FA5F80}.Release|Any CPU.ActiveCfg = Release|Any CPU
		{CBA80C35-7F47-4558-9279-2EDC28FA5F80}.Release|Any CPU.Build.0 = Release|Any CPU
		{2B0D7B5C-8C72-485E-AAEA-922156CD9722}.Debug|Any CPU.ActiveCfg = Debug|Any CPU
		{2B0D7B5C-8C72-485E-AAEA-922156CD9722}.Debug|Any CPU.Build.0 = Debug|Any CPU
		{2B0D7B5C-8C72-485E-AAEA-922156CD9722}.Release|Any CPU.ActiveCfg = Release|Any CPU
		{2B0D7B5C-8C72-485E-AAEA-922156CD9722}.Release|Any CPU.Build.0 = Release|Any CPU
	EndGlobalSection
	GlobalSection(SolutionProperties) = preSolution
		HideSolutionNode = FALSE
	EndGlobalSection
	GlobalSection(ExtensibilityGlobals) = postSolution
		SolutionGuid = {A9BFD56F-C4A5-4C3A-8DC6-A371559882D6}
	EndGlobalSection
EndGlobal
